// !$*UTF8*$!
{
	archiveVersion = 1;
	classes = {
	};
	objectVersion = 46;
	objects = {

/* Begin PBXBuildFile section */
		7489BB1F14DBE29600EAE967 /* SheepDataContextTest.m in Sources */ = {isa = PBXBuildFile; fileRef = 7489BB1E14DBE29600EAE967 /* SheepDataContextTest.m */; };
		7489BB2114DBE46A00EAE967 /* FixturesContext.m in Sources */ = {isa = PBXBuildFile; fileRef = 7489BB2014DBE46A00EAE967 /* FixturesContext.m */; };
		E53C66681232589400B279E0 /* Child.m in Sources */ = {isa = PBXBuildFile; fileRef = E53C665A1232589400B279E0 /* Child.m */; };
		E53C66691232589400B279E0 /* Father.m in Sources */ = {isa = PBXBuildFile; fileRef = E53C665C1232589400B279E0 /* Father.m */; };
		E53C666A1232589400B279E0 /* Mother.m in Sources */ = {isa = PBXBuildFile; fileRef = E53C665F1232589400B279E0 /* Mother.m */; };
		E53C666B1232589400B279E0 /* Tests.xcdatamodel in Sources */ = {isa = PBXBuildFile; fileRef = E53C66611232589400B279E0 /* Tests.xcdatamodel */; };
		E53C666C1232589400B279E0 /* Fixtures.m in Sources */ = {isa = PBXBuildFile; fileRef = E53C66621232589400B279E0 /* Fixtures.m */; };
		E53C666D1232589400B279E0 /* SheepDataTest.m in Sources */ = {isa = PBXBuildFile; fileRef = E53C66631232589400B279E0 /* SheepDataTest.m */; };
		E5F2B2C5137BECBE0009AB6F /* SheepDataManager.m in Sources */ = {isa = PBXBuildFile; fileRef = E5F2B2C2137BECBE0009AB6F /* SheepDataManager.m */; };
		E5F2B2C6137BECBE0009AB6F /* SheepEntity.m in Sources */ = {isa = PBXBuildFile; fileRef = E5F2B2C4137BECBE0009AB6F /* SheepEntity.m */; };
/* End PBXBuildFile section */

/* Begin PBXBuildRule section */
		E5D87AC71119AA0C00801CDD /* PBXBuildRule */ = {
			isa = PBXBuildRule;
			compilerSpec = com.apple.compilers.proxy.script;
			filePatterns = "*.app";
			fileType = pattern.proxy;
			isEditable = 1;
			outputFiles = (
				"$(DERIVED_FILES_DIR)/$(INPUT_FILE_BASE).h",
			);
			script = "sdef \"$INPUT_FILE_PATH\" | sdp -fh -o \"$DERIVED_FILES_DIR\" --basename \"$INPUT_FILE_BASE\" --bundleid `defaults read \"$INPUT_FILE_PATH/Contents/Info\" CFBundleIdentifier`";
		};
/* End PBXBuildRule section */

/* Begin PBXFileReference section */
		0867D69BFE84028FC02AAC07 /* Foundation.framework */ = {isa = PBXFileReference; lastKnownFileType = wrapper.framework; name = Foundation.framework; path = /System/Library/Frameworks/Foundation.framework; sourceTree = "<absolute>"; };
		0867D6A5FE840307C02AAC07 /* AppKit.framework */ = {isa = PBXFileReference; lastKnownFileType = wrapper.framework; name = AppKit.framework; path = /System/Library/Frameworks/AppKit.framework; sourceTree = "<absolute>"; };
		089C1667FE841158C02AAC07 /* English */ = {isa = PBXFileReference; fileEncoding = 4; lastKnownFileType = text.plist.strings; name = English; path = English.lproj/InfoPlist.strings; sourceTree = "<group>"; };
		1058C7B1FEA5585E11CA2CBB /* Cocoa.framework */ = {isa = PBXFileReference; lastKnownFileType = wrapper.framework; name = Cocoa.framework; path = /System/Library/Frameworks/Cocoa.framework; sourceTree = "<absolute>"; };
		32DBCF5E0370ADEE00C91783 /* ObjectiveSheep_Prefix.pch */ = {isa = PBXFileReference; fileEncoding = 4; lastKnownFileType = sourcecode.c.h; path = ObjectiveSheep_Prefix.pch; sourceTree = "<group>"; };
		7489BB1E14DBE29600EAE967 /* SheepDataContextTest.m */ = {isa = PBXFileReference; fileEncoding = 4; lastKnownFileType = sourcecode.c.objc; name = SheepDataContextTest.m; path = Tests/SheepDataContextTest.m; sourceTree = "<group>"; };
		7489BB2014DBE46A00EAE967 /* FixturesContext.m */ = {isa = PBXFileReference; fileEncoding = 4; lastKnownFileType = sourcecode.c.objc; name = FixturesContext.m; path = Tests/FixturesContext.m; sourceTree = "<group>"; };
		7489BB2214DBE4F900EAE967 /* FixturesContext.h */ = {isa = PBXFileReference; fileEncoding = 4; lastKnownFileType = sourcecode.c.h; name = FixturesContext.h; path = Tests/FixturesContext.h; sourceTree = "<group>"; };
		7489BB2314DBE50400EAE967 /* Fixtures.h */ = {isa = PBXFileReference; fileEncoding = 4; lastKnownFileType = sourcecode.c.h; name = Fixtures.h; path = Tests/Fixtures.h; sourceTree = "<group>"; };
		8DC2EF5A0486A6940098B216 /* Info.plist */ = {isa = PBXFileReference; fileEncoding = 4; lastKnownFileType = text.plist.xml; path = Info.plist; sourceTree = "<group>"; };
		D2F7E79907B2D74100F64583 /* CoreData.framework */ = {isa = PBXFileReference; lastKnownFileType = wrapper.framework; name = CoreData.framework; path = /System/Library/Frameworks/CoreData.framework; sourceTree = "<absolute>"; };
		E53C66591232589400B279E0 /* Child.h */ = {isa = PBXFileReference; fileEncoding = 4; lastKnownFileType = sourcecode.c.h; path = Child.h; sourceTree = "<group>"; };
		E53C665A1232589400B279E0 /* Child.m */ = {isa = PBXFileReference; fileEncoding = 4; lastKnownFileType = sourcecode.c.objc; path = Child.m; sourceTree = "<group>"; };
		E53C665B1232589400B279E0 /* Father.h */ = {isa = PBXFileReference; fileEncoding = 4; lastKnownFileType = sourcecode.c.h; path = Father.h; sourceTree = "<group>"; };
		E53C665C1232589400B279E0 /* Father.m */ = {isa = PBXFileReference; fileEncoding = 4; lastKnownFileType = sourcecode.c.objc; path = Father.m; sourceTree = "<group>"; };
		E53C665E1232589400B279E0 /* Mother.h */ = {isa = PBXFileReference; fileEncoding = 4; lastKnownFileType = sourcecode.c.h; path = Mother.h; sourceTree = "<group>"; };
		E53C665F1232589400B279E0 /* Mother.m */ = {isa = PBXFileReference; fileEncoding = 4; lastKnownFileType = sourcecode.c.objc; path = Mother.m; sourceTree = "<group>"; };
		E53C66601232589400B279E0 /* TestEntities.h */ = {isa = PBXFileReference; fileEncoding = 4; lastKnownFileType = sourcecode.c.h; path = TestEntities.h; sourceTree = "<group>"; };
		E53C66611232589400B279E0 /* Tests.xcdatamodel */ = {isa = PBXFileReference; fileEncoding = 4; lastKnownFileType = wrapper.xcdatamodel; path = Tests.xcdatamodel; sourceTree = "<group>"; };
		E53C66621232589400B279E0 /* Fixtures.m */ = {isa = PBXFileReference; fileEncoding = 4; lastKnownFileType = sourcecode.c.objc; name = Fixtures.m; path = Tests/Fixtures.m; sourceTree = "<group>"; };
		E53C66631232589400B279E0 /* SheepDataTest.m */ = {isa = PBXFileReference; fileEncoding = 4; lastKnownFileType = sourcecode.c.objc; name = SheepDataTest.m; path = Tests/SheepDataTest.m; sourceTree = "<group>"; };
		E5432D7B110CC8F800B9DF5C /* Tests.octest */ = {isa = PBXFileReference; explicitFileType = wrapper.cfbundle; includeInIndex = 0; path = Tests.octest; sourceTree = BUILT_PRODUCTS_DIR; };
		E5432D7C110CC8F800B9DF5C /* Tests-Info.plist */ = {isa = PBXFileReference; lastKnownFileType = text.plist.xml; path = "Tests-Info.plist"; sourceTree = "<group>"; };
		E5C2E23412196A7C007F265B /* CoreData.framework */ = {isa = PBXFileReference; lastKnownFileType = wrapper.framework; name = CoreData.framework; path = System/Library/Frameworks/CoreData.framework; sourceTree = SDKROOT; };
		E5F2B2C0137BECBE0009AB6F /* SheepData.h */ = {isa = PBXFileReference; fileEncoding = 4; lastKnownFileType = sourcecode.c.h; path = SheepData.h; sourceTree = "<group>"; };
		E5F2B2C1137BECBE0009AB6F /* SheepDataManager.h */ = {isa = PBXFileReference; fileEncoding = 4; lastKnownFileType = sourcecode.c.h; path = SheepDataManager.h; sourceTree = "<group>"; };
		E5F2B2C2137BECBE0009AB6F /* SheepDataManager.m */ = {isa = PBXFileReference; fileEncoding = 4; lastKnownFileType = sourcecode.c.objc; path = SheepDataManager.m; sourceTree = "<group>"; };
		E5F2B2C3137BECBE0009AB6F /* SheepEntity.h */ = {isa = PBXFileReference; fileEncoding = 4; lastKnownFileType = sourcecode.c.h; path = SheepEntity.h; sourceTree = "<group>"; };
		E5F2B2C4137BECBE0009AB6F /* SheepEntity.m */ = {isa = PBXFileReference; fileEncoding = 4; lastKnownFileType = sourcecode.c.objc; path = SheepEntity.m; sourceTree = "<group>"; };
/* End PBXFileReference section */

/* Begin PBXFrameworksBuildPhase section */
		E5432D78110CC8F800B9DF5C /* Frameworks */ = {
			isa = PBXFrameworksBuildPhase;
			buildActionMask = 2147483647;
			files = (
			);
			runOnlyForDeploymentPostprocessing = 0;
		};
/* End PBXFrameworksBuildPhase section */

/* Begin PBXGroup section */
		034768DFFF38A50411DB9C8B /* Products */ = {
			isa = PBXGroup;
			children = (
				E5432D7B110CC8F800B9DF5C /* Tests.octest */,
			);
			name = Products;
			sourceTree = "<group>";
		};
		0867D691FE84028FC02AAC07 /* GroovyFrog */ = {
			isa = PBXGroup;
			children = (
				E5F2B2BF137BECBE0009AB6F /* SheepData */,
				E5432D85110CCA0E00B9DF5C /* Tests */,
				32C88DFF0371C24200C91783 /* Other Sources */,
				089C1665FE841158C02AAC07 /* Resources */,
				0867D69AFE84028FC02AAC07 /* External Frameworks and Libraries */,
				034768DFFF38A50411DB9C8B /* Products */,
				E5C2E23412196A7C007F265B /* CoreData.framework */,
			);
			comments = "// comment\n// this is my comment bla bla bla\n";
			name = GroovyFrog;
			sourceTree = "<group>";
		};
		0867D69AFE84028FC02AAC07 /* External Frameworks and Libraries */ = {
			isa = PBXGroup;
			children = (
				1058C7B0FEA5585E11CA2CBB /* Linked Frameworks */,
				1058C7B2FEA5585E11CA2CBB /* Other Frameworks */,
			);
			name = "External Frameworks and Libraries";
			sourceTree = "<group>";
		};
		089C1665FE841158C02AAC07 /* Resources */ = {
			isa = PBXGroup;
			children = (
				E5432D7C110CC8F800B9DF5C /* Tests-Info.plist */,
				8DC2EF5A0486A6940098B216 /* Info.plist */,
				089C1666FE841158C02AAC07 /* InfoPlist.strings */,
			);
			name = Resources;
			sourceTree = "<group>";
		};
		1058C7B0FEA5585E11CA2CBB /* Linked Frameworks */ = {
			isa = PBXGroup;
			children = (
				1058C7B1FEA5585E11CA2CBB /* Cocoa.framework */,
			);
			name = "Linked Frameworks";
			sourceTree = "<group>";
		};
		1058C7B2FEA5585E11CA2CBB /* Other Frameworks */ = {
			isa = PBXGroup;
			children = (
				0867D6A5FE840307C02AAC07 /* AppKit.framework */,
				D2F7E79907B2D74100F64583 /* CoreData.framework */,
				0867D69BFE84028FC02AAC07 /* Foundation.framework */,
			);
			name = "Other Frameworks";
			sourceTree = "<group>";
		};
		32C88DFF0371C24200C91783 /* Other Sources */ = {
			isa = PBXGroup;
			children = (
				32DBCF5E0370ADEE00C91783 /* ObjectiveSheep_Prefix.pch */,
			);
			name = "Other Sources";
			sourceTree = "<group>";
		};
		E53C66581232589400B279E0 /* Entities */ = {
			isa = PBXGroup;
			children = (
				E53C66591232589400B279E0 /* Child.h */,
				E53C665A1232589400B279E0 /* Child.m */,
				E53C665B1232589400B279E0 /* Father.h */,
				E53C665C1232589400B279E0 /* Father.m */,
				E53C665E1232589400B279E0 /* Mother.h */,
				E53C665F1232589400B279E0 /* Mother.m */,
				E53C66601232589400B279E0 /* TestEntities.h */,
				E53C66611232589400B279E0 /* Tests.xcdatamodel */,
			);
			name = Entities;
			path = Tests/Entities;
			sourceTree = "<group>";
		};
		E5432D85110CCA0E00B9DF5C /* Tests */ = {
			isa = PBXGroup;
			children = (
				E53C66581232589400B279E0 /* Entities */,
				7489BB2314DBE50400EAE967 /* Fixtures.h */,
				E53C66621232589400B279E0 /* Fixtures.m */,
				7489BB2214DBE4F900EAE967 /* FixturesContext.h */,
				7489BB2014DBE46A00EAE967 /* FixturesContext.m */,
				7489BB1E14DBE29600EAE967 /* SheepDataContextTest.m */,
				E53C66631232589400B279E0 /* SheepDataTest.m */,
			);
			name = Tests;
			sourceTree = "<group>";
		};
		E5F2B2BF137BECBE0009AB6F /* SheepData */ = {
			isa = PBXGroup;
			children = (
				E5F2B2C0137BECBE0009AB6F /* SheepData.h */,
				E5F2B2C1137BECBE0009AB6F /* SheepDataManager.h */,
				E5F2B2C2137BECBE0009AB6F /* SheepDataManager.m */,
				E5F2B2C3137BECBE0009AB6F /* SheepEntity.h */,
				E5F2B2C4137BECBE0009AB6F /* SheepEntity.m */,
			);
			path = SheepData;
			sourceTree = "<group>";
		};
/* End PBXGroup section */

/* Begin PBXNativeTarget section */
		E5432D7A110CC8F800B9DF5C /* Tests */ = {
			isa = PBXNativeTarget;
			buildConfigurationList = E5432D7F110CC8F900B9DF5C /* Build configuration list for PBXNativeTarget "Tests" */;
			buildPhases = (
				E5432D77110CC8F800B9DF5C /* Sources */,
				E5432D78110CC8F800B9DF5C /* Frameworks */,
				E5432D79110CC8F800B9DF5C /* ShellScript */,
			);
			buildRules = (
				E5D87AC71119AA0C00801CDD /* PBXBuildRule */,
			);
			dependencies = (
			);
			name = Tests;
			productName = Tests;
			productReference = E5432D7B110CC8F800B9DF5C /* Tests.octest */;
			productType = "com.apple.product-type.bundle";
		};
/* End PBXNativeTarget section */

/* Begin PBXProject section */
		0867D690FE84028FC02AAC07 /* Project object */ = {
			isa = PBXProject;
			attributes = {
				LastUpgradeCheck = 0420;
				ORGANIZATIONNAME = ObjectiveSheep;
			};
			buildConfigurationList = 1DEB91B108733DA50010E9CD /* Build configuration list for PBXProject "SheepData" */;
			compatibilityVersion = "Xcode 3.2";
			developmentRegion = English;
			hasScannedForEncodings = 1;
			knownRegions = (
				en,
				_english,
				English,
			);
			mainGroup = 0867D691FE84028FC02AAC07 /* GroovyFrog */;
			productRefGroup = 034768DFFF38A50411DB9C8B /* Products */;
			projectDirPath = "";
			projectRoot = "";
			targets = (
				E5432D7A110CC8F800B9DF5C /* Tests */,
			);
		};
/* End PBXProject section */

/* Begin PBXShellScriptBuildPhase section */
		E5432D79110CC8F800B9DF5C /* ShellScript */ = {
			isa = PBXShellScriptBuildPhase;
			buildActionMask = 2147483647;
			files = (
			);
			inputPaths = (
			);
			outputPaths = (
			);
			runOnlyForDeploymentPostprocessing = 0;
			shellPath = /bin/sh;
			shellScript = "# Run the unit tests in this test bundle.\n\"${SYSTEM_DEVELOPER_DIR}/Tools/RunUnitTests\"\n";
		};
/* End PBXShellScriptBuildPhase section */

/* Begin PBXSourcesBuildPhase section */
		E5432D77110CC8F800B9DF5C /* Sources */ = {
			isa = PBXSourcesBuildPhase;
			buildActionMask = 2147483647;
			files = (
				E53C66681232589400B279E0 /* Child.m in Sources */,
				E53C66691232589400B279E0 /* Father.m in Sources */,
				E53C666A1232589400B279E0 /* Mother.m in Sources */,
				E53C666B1232589400B279E0 /* Tests.xcdatamodel in Sources */,
				E53C666C1232589400B279E0 /* Fixtures.m in Sources */,
				E53C666D1232589400B279E0 /* SheepDataTest.m in Sources */,
				E5F2B2C5137BECBE0009AB6F /* SheepDataManager.m in Sources */,
				E5F2B2C6137BECBE0009AB6F /* SheepEntity.m in Sources */,
				7489BB1F14DBE29600EAE967 /* SheepDataContextTest.m in Sources */,
				7489BB2114DBE46A00EAE967 /* FixturesContext.m in Sources */,
			);
			runOnlyForDeploymentPostprocessing = 0;
		};
/* End PBXSourcesBuildPhase section */

/* Begin PBXVariantGroup section */
		089C1666FE841158C02AAC07 /* InfoPlist.strings */ = {
			isa = PBXVariantGroup;
			children = (
				089C1667FE841158C02AAC07 /* English */,
			);
			name = InfoPlist.strings;
			sourceTree = "<group>";
		};
/* End PBXVariantGroup section */

/* Begin XCBuildConfiguration section */
		1DEB91B208733DA50010E9CD /* Debug */ = {
			isa = XCBuildConfiguration;
			buildSettings = {
				ARCHS = "$(ARCHS_STANDARD_32_64_BIT)";
				GCC_C_LANGUAGE_STANDARD = gnu99;
				GCC_ENABLE_OBJC_GC = supported;
				GCC_OPTIMIZATION_LEVEL = 0;
				GCC_PREPROCESSOR_DEFINITIONS = "DEBUG=1";
				GCC_WARN_ABOUT_RETURN_TYPE = YES;
				GCC_WARN_UNUSED_VARIABLE = YES;
				OBJROOT = ../../build/;
				ONLY_ACTIVE_ARCH = YES;
				SDKROOT = macosx;
				SYMROOT = ../../build/;
			};
			name = Debug;
		};
		1DEB91B308733DA50010E9CD /* Release */ = {
			isa = XCBuildConfiguration;
			buildSettings = {
				ARCHS = "$(ARCHS_STANDARD_32_64_BIT)";
				GCC_C_LANGUAGE_STANDARD = gnu99;
				GCC_ENABLE_OBJC_GC = supported;
				GCC_WARN_ABOUT_RETURN_TYPE = YES;
				GCC_WARN_UNUSED_VARIABLE = YES;
				OBJROOT = ../../build/;
				SDKROOT = macosx;
				SYMROOT = ../../build/;
			};
			name = Release;
		};
		E5432D7D110CC8F900B9DF5C /* Debug */ = {
			isa = XCBuildConfiguration;
			buildSettings = {
				ALWAYS_SEARCH_USER_PATHS = NO;
				ARCHS = "$(ARCHS_STANDARD_64_BIT)";
				CLANG_ENABLE_OBJC_ARC = YES;
				COPY_PHASE_STRIP = NO;
				FRAMEWORK_SEARCH_PATHS = "$(DEVELOPER_LIBRARY_DIR)/Frameworks";
				GCC_DYNAMIC_NO_PIC = NO;
				GCC_ENABLE_OBJC_EXCEPTIONS = YES;
				GCC_ENABLE_OBJC_GC = unsupported;
				GCC_MODEL_TUNING = G5;
				GCC_OPTIMIZATION_LEVEL = 0;
				GCC_PRECOMPILE_PREFIX_HEADER = YES;
				GCC_PREFIX_HEADER = "$(SYSTEM_LIBRARY_DIR)/Frameworks/Cocoa.framework/Headers/Cocoa.h";
				INFOPLIST_FILE = "Tests-Info.plist";
				INSTALL_PATH = "$(USER_LIBRARY_DIR)/Bundles";
				OTHER_LDFLAGS = (
					"-framework",
					Cocoa,
					"-framework",
					SenTestingKit,
				);
				PRODUCT_NAME = Tests;
				VALID_ARCHS = x86_64;
				WRAPPER_EXTENSION = octest;
			};
			name = Debug;
		};
		E5432D7E110CC8F900B9DF5C /* Release */ = {
			isa = XCBuildConfiguration;
			buildSettings = {
				ALWAYS_SEARCH_USER_PATHS = NO;
				ARCHS = "$(ARCHS_STANDARD_64_BIT)";
				CLANG_ENABLE_OBJC_ARC = YES;
				COPY_PHASE_STRIP = YES;
				DEBUG_INFORMATION_FORMAT = "dwarf-with-dsym";
				FRAMEWORK_SEARCH_PATHS = "$(DEVELOPER_LIBRARY_DIR)/Frameworks";
				GCC_ENABLE_OBJC_EXCEPTIONS = YES;
				GCC_ENABLE_OBJC_GC = unsupported;
				GCC_MODEL_TUNING = G5;
				GCC_PRECOMPILE_PREFIX_HEADER = YES;
				GCC_PREFIX_HEADER = "$(SYSTEM_LIBRARY_DIR)/Frameworks/Cocoa.framework/Headers/Cocoa.h";
				INFOPLIST_FILE = "Tests-Info.plist";
				INSTALL_PATH = "$(USER_LIBRARY_DIR)/Bundles";
				OTHER_LDFLAGS = (
					"-framework",
					Cocoa,
					"-framework",
					SenTestingKit,
				);
				PRODUCT_NAME = Tests;
				VALID_ARCHS = x86_64;
				WRAPPER_EXTENSION = octest;
				ZERO_LINK = NO;
			};
			name = Release;
		};
/* End XCBuildConfiguration section */

/* Begin XCConfigurationList section */
		1DEB91B108733DA50010E9CD /* Build configuration list for PBXProject "SheepData" */ = {
			isa = XCConfigurationList;
			buildConfigurations = (
				1DEB91B208733DA50010E9CD /* Debug */,
				1DEB91B308733DA50010E9CD /* Release */,
			);
			defaultConfigurationIsVisible = 0;
			defaultConfigurationName = Release;
		};
		E5432D7F110CC8F900B9DF5C /* Build configuration list for PBXNativeTarget "Tests" */ = {
			isa = XCConfigurationList;
			buildConfigurations = (
				E5432D7D110CC8F900B9DF5C /* Debug */,
				E5432D7E110CC8F900B9DF5C /* Release */,
			);
			defaultConfigurationIsVisible = 0;
			defaultConfigurationName = Release;
		};
/* End XCConfigurationList section */
	};
	rootObject = 0867D690FE84028FC02AAC07 /* Project object */;
}
